
Microsoft Visual Studio Solution File, Format Version 12.00
# Visual Studio Version 16
VisualStudioVersion = 16.0.31911.196
MinimumVisualStudioVersion = 10.0.40219.1
Project("{8BC9CEB8-8B4A-11D0-8D11-00A0C91BC942}") = "T08_Linked_Lists", "T08_Linked_Lists.vcxproj", "{C16D4B67-FAD5-4D71-8262-83B8BA75E452}"
EndProject
Global
	GlobalSection(SolutionConfigurationPlatforms) = preSolution
		Debug|x64 = Debug|x64
		Debug|x86 = Debug|x86
		Release|x64 = Release|x64
		Release|x86 = Release|x86
	EndGlobalSection
	GlobalSection(ProjectConfigurationPlatforms) = postSolution
		{C16D4B67-FAD5-4D71-8262-83B8BA75E452}.Debug|x64.ActiveCfg = Debug|x64
		{C16D4B67-FAD5-4D71-8262-83B8BA75E452}.Debug|x64.Build.0 = Debug|x64
		{C16D4B67-FAD5-4D71-8262-83B8BA75E452}.Debug|x86.ActiveCfg = Debug|Win32
		{C16D4B67-FAD5-4D71-8262-83B8BA75E452}.Debug|x86.Build.0 = Debug|Win32
		{C16D4B67-FAD5-4D71-8262-83B8BA75E452}.Release|x64.ActiveCfg = Release|x64
		{C16D4B67-FAD5-4D71-8262-83B8BA75E452}.Release|x64.Build.0 = Release|x64
		{C16D4B67-FAD5-4D71-8262-83B8BA75E452}.Release|x86.ActiveCfg = Release|Win32
		{C16D4B67-FAD5-4D71-8262-83B8BA75E452}.Release|x86.Build.0 = Release|Win32
	EndGlobalSection
	GlobalSection(SolutionProperties) = preSolution
		HideSolutionNode = FALSE
	EndGlobalSection
	GlobalSection(ExtensibilityGlobals) = postSolution
		SolutionGuid = {9A4C49BD-47C3-488E-93BE-DFE5C62D7E08}
	EndGlobalSection
EndGlobal
